
Microsoft Visual Studio Solution File, Format Version 12.00
# Visual Studio Version 16
VisualStudioVersion = 16.0.29009.5
MinimumVisualStudioVersion = 10.0.40219.1
Project("{F184B08F-C81C-45F6-A57F-5ABD9991F28F}") = "Multi-Share", "Multi-Share.vbproj", "{4146DA72-6A73-4DF3-BF2C-765BFC17879C}"
EndProject
Global
	GlobalSection(SolutionConfigurationPlatforms) = preSolution
		Debug|Any CPU = Debug|Any CPU
		Release|Any CPU = Release|Any CPU
	EndGlobalSection
	GlobalSection(ProjectConfigurationPlatforms) = postSolution
		{4146DA72-6A73-4DF3-BF2C-765BFC17879C}.Debug|Any CPU.ActiveCfg = Debug|Any CPU
		{4146DA72-6A73-4DF3-BF2C-765BFC17879C}.Debug|Any CPU.Build.0 = Debug|Any CPU
		{4146DA72-6A73-4DF3-BF2C-765BFC17879C}.Release|Any CPU.ActiveCfg = Release|Any CPU
		{4146DA72-6A73-4DF3-BF2C-765BFC17879C}.Release|Any CPU.Build.0 = Release|Any CPU
	EndGlobalSection
	GlobalSection(SolutionProperties) = preSolution
		HideSolutionNode = FALSE
	EndGlobalSection
	GlobalSection(ExtensibilityGlobals) = postSolution
		SolutionGuid = {52487AF9-1CC3-4A39-AB1A-505802B0BB76}
	EndGlobalSection
EndGlobal
